
Microsoft Visual Studio Solution File, Format Version 12.00
# Visual Studio Version 17
VisualStudioVersion = 17.1.32414.318
MinimumVisualStudioVersion = 10.0.40219.1
Project("{FAE04EC0-301F-11D3-BF4B-00C04F79EFBC}") = "algoritmo_equacao", "algoritmo_equacao\algoritmo_equacao.csproj", "{53285398-3A11-4AE0-8CCB-481DBB0634AA}"
EndProject
Global
	GlobalSection(SolutionConfigurationPlatforms) = preSolution
		Debug|Any CPU = Debug|Any CPU
		Release|Any CPU = Release|Any CPU
	EndGlobalSection
	GlobalSection(ProjectConfigurationPlatforms) = postSolution
		{53285398-3A11-4AE0-8CCB-481DBB0634AA}.Debug|Any CPU.ActiveCfg = Debug|Any CPU
		{53285398-3A11-4AE0-8CCB-481DBB0634AA}.Debug|Any CPU.Build.0 = Debug|Any CPU
		{53285398-3A11-4AE0-8CCB-481DBB0634AA}.Release|Any CPU.ActiveCfg = Release|Any CPU
		{53285398-3A11-4AE0-8CCB-481DBB0634AA}.Release|Any CPU.Build.0 = Release|Any CPU
	EndGlobalSection
	GlobalSection(SolutionProperties) = preSolution
		HideSolutionNode = FALSE
	EndGlobalSection
	GlobalSection(ExtensibilityGlobals) = postSolution
		SolutionGuid = {184BF63F-8E68-45CD-BAF3-B0EC1D9B3C2F}
	EndGlobalSection
EndGlobal
